
Microsoft Visual Studio Solution File, Format Version 12.00
Project("{2150E333-8FDC-42A3-9474-1A3956D46DE8}") = "Req_Reply", "Req_Reply", "{6E027394-EF9D-484D-B1EF-124B5B5F19EC}"
EndProject
Project("{2150E333-8FDC-42A3-9474-1A3956D46DE8}") = "Pub_Sub", "Pub_Sub", "{876626ED-8EEC-4ACF-8875-80309635E6EF}"
EndProject
Project("{FAE04EC0-301F-11D3-BF4B-00C04F79EFBC}") = "Client", "Req_Reply\Client\Client.csproj", "{017E2CDD-EB8A-4615-A08B-0C77930FCF40}"
EndProject
Project("{FAE04EC0-301F-11D3-BF4B-00C04F79EFBC}") = "Server", "Req_Reply\Server\Server.csproj", "{FD9DACDD-DB76-4A76-B640-5C6DE159B107}"
EndProject
Project("{FAE04EC0-301F-11D3-BF4B-00C04F79EFBC}") = "Server", "Pub_Sub\Server\Server.csproj", "{2D41AB75-C61E-45E3-A653-8B4FA582FAE8}"
EndProject
Project("{FAE04EC0-301F-11D3-BF4B-00C04F79EFBC}") = "Client", "Pub_Sub\Client\Client.csproj", "{9B0A0659-484B-4FB8-B98A-269E04E23BC8}"
EndProject
Project("{FAE04EC0-301F-11D3-BF4B-00C04F79EFBC}") = "Core", "Pub_Sub\Core\Core.csproj", "{A3C81FBF-484D-4B3E-A0FD-E3F8DDD7E819}"
EndProject
Global
	GlobalSection(SolutionConfigurationPlatforms) = preSolution
		Debug|Any CPU = Debug|Any CPU
		Release|Any CPU = Release|Any CPU
	EndGlobalSection
	GlobalSection(ProjectConfigurationPlatforms) = postSolution
		{017E2CDD-EB8A-4615-A08B-0C77930FCF40}.Debug|Any CPU.ActiveCfg = Debug|Any CPU
		{017E2CDD-EB8A-4615-A08B-0C77930FCF40}.Debug|Any CPU.Build.0 = Debug|Any CPU
		{017E2CDD-EB8A-4615-A08B-0C77930FCF40}.Release|Any CPU.ActiveCfg = Release|Any CPU
		{017E2CDD-EB8A-4615-A08B-0C77930FCF40}.Release|Any CPU.Build.0 = Release|Any CPU
		{FD9DACDD-DB76-4A76-B640-5C6DE159B107}.Debug|Any CPU.ActiveCfg = Debug|Any CPU
		{FD9DACDD-DB76-4A76-B640-5C6DE159B107}.Debug|Any CPU.Build.0 = Debug|Any CPU
		{FD9DACDD-DB76-4A76-B640-5C6DE159B107}.Release|Any CPU.ActiveCfg = Release|Any CPU
		{FD9DACDD-DB76-4A76-B640-5C6DE159B107}.Release|Any CPU.Build.0 = Release|Any CPU
		{2D41AB75-C61E-45E3-A653-8B4FA582FAE8}.Debug|Any CPU.ActiveCfg = Debug|Any CPU
		{2D41AB75-C61E-45E3-A653-8B4FA582FAE8}.Debug|Any CPU.Build.0 = Debug|Any CPU
		{2D41AB75-C61E-45E3-A653-8B4FA582FAE8}.Release|Any CPU.ActiveCfg = Release|Any CPU
		{2D41AB75-C61E-45E3-A653-8B4FA582FAE8}.Release|Any CPU.Build.0 = Release|Any CPU
		{9B0A0659-484B-4FB8-B98A-269E04E23BC8}.Debug|Any CPU.ActiveCfg = Debug|Any CPU
		{9B0A0659-484B-4FB8-B98A-269E04E23BC8}.Debug|Any CPU.Build.0 = Debug|Any CPU
		{9B0A0659-484B-4FB8-B98A-269E04E23BC8}.Release|Any CPU.ActiveCfg = Release|Any CPU
		{9B0A0659-484B-4FB8-B98A-269E04E23BC8}.Release|Any CPU.Build.0 = Release|Any CPU
		{A3C81FBF-484D-4B3E-A0FD-E3F8DDD7E819}.Debug|Any CPU.ActiveCfg = Debug|Any CPU
		{A3C81FBF-484D-4B3E-A0FD-E3F8DDD7E819}.Debug|Any CPU.Build.0 = Debug|Any CPU
		{A3C81FBF-484D-4B3E-A0FD-E3F8DDD7E819}.Release|Any CPU.ActiveCfg = Release|Any CPU
		{A3C81FBF-484D-4B3E-A0FD-E3F8DDD7E819}.Release|Any CPU.Build.0 = Release|Any CPU
	EndGlobalSection
	GlobalSection(NestedProjects) = preSolution
		{017E2CDD-EB8A-4615-A08B-0C77930FCF40} = {6E027394-EF9D-484D-B1EF-124B5B5F19EC}
		{FD9DACDD-DB76-4A76-B640-5C6DE159B107} = {6E027394-EF9D-484D-B1EF-124B5B5F19EC}
		{2D41AB75-C61E-45E3-A653-8B4FA582FAE8} = {876626ED-8EEC-4ACF-8875-80309635E6EF}
		{9B0A0659-484B-4FB8-B98A-269E04E23BC8} = {876626ED-8EEC-4ACF-8875-80309635E6EF}
		{A3C81FBF-484D-4B3E-A0FD-E3F8DDD7E819} = {876626ED-8EEC-4ACF-8875-80309635E6EF}
	EndGlobalSection
EndGlobal
